
Microsoft Visual Studio Solution File, Format Version 12.00
# Visual Studio Version 16
VisualStudioVersion = 16.0.32630.194
MinimumVisualStudioVersion = 10.0.40219.1
Project("{FAE04EC0-301F-11D3-BF4B-00C04F79EFBC}") = "ArrayManipulation", "ArrayManipulation.csproj", "{2B4346A1-3F98-44D8-A5A1-C15FCE7CA9CD}"
EndProject
Global
	GlobalSection(SolutionConfigurationPlatforms) = preSolution
		Debug|Any CPU = Debug|Any CPU
		Release|Any CPU = Release|Any CPU
	EndGlobalSection
	GlobalSection(ProjectConfigurationPlatforms) = postSolution
		{2B4346A1-3F98-44D8-A5A1-C15FCE7CA9CD}.Debug|Any CPU.ActiveCfg = Debug|Any CPU
		{2B4346A1-3F98-44D8-A5A1-C15FCE7CA9CD}.Debug|Any CPU.Build.0 = Debug|Any CPU
		{2B4346A1-3F98-44D8-A5A1-C15FCE7CA9CD}.Release|Any CPU.ActiveCfg = Release|Any CPU
		{2B4346A1-3F98-44D8-A5A1-C15FCE7CA9CD}.Release|Any CPU.Build.0 = Release|Any CPU
	EndGlobalSection
	GlobalSection(SolutionProperties) = preSolution
		HideSolutionNode = FALSE
	EndGlobalSection
	GlobalSection(ExtensibilityGlobals) = postSolution
		SolutionGuid = {FD094947-8A19-4993-9395-D05BC547B8DE}
	EndGlobalSection
EndGlobal
